
Microsoft Visual Studio Solution File, Format Version 12.00
# Visual Studio Version 17
VisualStudioVersion = 17.14.36301.6 d17.14
MinimumVisualStudioVersion = 10.0.40219.1
Project("{FAE04EC0-301F-11D3-BF4B-00C04F79EFBC}") = "FlashCards", "FlashCards.csproj", "{785B4BD4-D99A-4718-B0EC-F43A4A4FE9AA}"
EndProject
Global
	GlobalSection(SolutionConfigurationPlatforms) = preSolution
		Debug|Any CPU = Debug|Any CPU
		Release|Any CPU = Release|Any CPU
	EndGlobalSection
	GlobalSection(ProjectConfigurationPlatforms) = postSolution
		{785B4BD4-D99A-4718-B0EC-F43A4A4FE9AA}.Debug|Any CPU.ActiveCfg = Debug|Any CPU
		{785B4BD4-D99A-4718-B0EC-F43A4A4FE9AA}.Debug|Any CPU.Build.0 = Debug|Any CPU
		{785B4BD4-D99A-4718-B0EC-F43A4A4FE9AA}.Release|Any CPU.ActiveCfg = Release|Any CPU
		{785B4BD4-D99A-4718-B0EC-F43A4A4FE9AA}.Release|Any CPU.Build.0 = Release|Any CPU
	EndGlobalSection
	GlobalSection(SolutionProperties) = preSolution
		HideSolutionNode = FALSE
	EndGlobalSection
	GlobalSection(ExtensibilityGlobals) = postSolution
		SolutionGuid = {2BF2A69F-3F84-45D0-9C3C-E58157BC0FD9}
	EndGlobalSection
EndGlobal
